
Microsoft Visual Studio Solution File, Format Version 12.00
# Visual Studio Version 17
VisualStudioVersion = 17.0.31903.59
MinimumVisualStudioVersion = 10.0.40219.1
Project("{FAE04EC0-301F-11D3-BF4B-00C04F79EFBC}") = "Store.Domain", "Store.Domain\Store.Domain.csproj", "{FC7B9720-B7C5-457F-884E-93529A8CE3A4}"
EndProject
Project("{FAE04EC0-301F-11D3-BF4B-00C04F79EFBC}") = "Store.Application", "Store.Application\Store.Application.csproj", "{CFC28689-5CB4-44A6-AAEC-ECE3DA8BC43A}"
EndProject
Project("{FAE04EC0-301F-11D3-BF4B-00C04F79EFBC}") = "Store.Persistence", "Store.Persistence\Store.Persistence.csproj", "{34A1FD2F-F01F-4749-8116-C13465DB4D84}"
EndProject
Project("{FAE04EC0-301F-11D3-BF4B-00C04F79EFBC}") = "Store.Web", "Store.Web\Store.Web.csproj", "{F01E20FF-4D1C-46C2-9518-CD301E7AFE65}"
EndProject
Global
	GlobalSection(SolutionConfigurationPlatforms) = preSolution
		Debug|Any CPU = Debug|Any CPU
		Release|Any CPU = Release|Any CPU
	EndGlobalSection
	GlobalSection(SolutionProperties) = preSolution
		HideSolutionNode = FALSE
	EndGlobalSection
	GlobalSection(ProjectConfigurationPlatforms) = postSolution
		{FC7B9720-B7C5-457F-884E-93529A8CE3A4}.Debug|Any CPU.ActiveCfg = Debug|Any CPU
		{FC7B9720-B7C5-457F-884E-93529A8CE3A4}.Debug|Any CPU.Build.0 = Debug|Any CPU
		{FC7B9720-B7C5-457F-884E-93529A8CE3A4}.Release|Any CPU.ActiveCfg = Release|Any CPU
		{FC7B9720-B7C5-457F-884E-93529A8CE3A4}.Release|Any CPU.Build.0 = Release|Any CPU
		{CFC28689-5CB4-44A6-AAEC-ECE3DA8BC43A}.Debug|Any CPU.ActiveCfg = Debug|Any CPU
		{CFC28689-5CB4-44A6-AAEC-ECE3DA8BC43A}.Debug|Any CPU.Build.0 = Debug|Any CPU
		{CFC28689-5CB4-44A6-AAEC-ECE3DA8BC43A}.Release|Any CPU.ActiveCfg = Release|Any CPU
		{CFC28689-5CB4-44A6-AAEC-ECE3DA8BC43A}.Release|Any CPU.Build.0 = Release|Any CPU
		{34A1FD2F-F01F-4749-8116-C13465DB4D84}.Debug|Any CPU.ActiveCfg = Debug|Any CPU
		{34A1FD2F-F01F-4749-8116-C13465DB4D84}.Debug|Any CPU.Build.0 = Debug|Any CPU
		{34A1FD2F-F01F-4749-8116-C13465DB4D84}.Release|Any CPU.ActiveCfg = Release|Any CPU
		{34A1FD2F-F01F-4749-8116-C13465DB4D84}.Release|Any CPU.Build.0 = Release|Any CPU
		{F01E20FF-4D1C-46C2-9518-CD301E7AFE65}.Debug|Any CPU.ActiveCfg = Debug|Any CPU
		{F01E20FF-4D1C-46C2-9518-CD301E7AFE65}.Debug|Any CPU.Build.0 = Debug|Any CPU
		{F01E20FF-4D1C-46C2-9518-CD301E7AFE65}.Release|Any CPU.ActiveCfg = Release|Any CPU
		{F01E20FF-4D1C-46C2-9518-CD301E7AFE65}.Release|Any CPU.Build.0 = Release|Any CPU
	EndGlobalSection
EndGlobal
